// !$*UTF8*$!
{
	archiveVersion = 1;
	classes = {
	};
	objectVersion = 46;
	objects = {

/* Begin PBXBuildFile section */
		73D68BC84A3BE1383F692933 /* Pods_VideoBackGround.framework in Frameworks */ = {isa = PBXBuildFile; fileRef = F600FB2097C323D4F77848CF /* Pods_VideoBackGround.framework */; };
		AD225BF81D26C4A6000E1E14 /* AppDelegate.swift in Sources */ = {isa = PBXBuildFile; fileRef = AD225BF71D26C4A6000E1E14 /* AppDelegate.swift */; };
		AD225BFA1D26C4A6000E1E14 /* ViewController.swift in Sources */ = {isa = PBXBuildFile; fileRef = AD225BF91D26C4A6000E1E14 /* ViewController.swift */; };
		AD225BFD1D26C4A6000E1E14 /* Main.storyboard in Resources */ = {isa = PBXBuildFile; fileRef = AD225BFB1D26C4A6000E1E14 /* Main.storyboard */; };
		AD225C001D26C4A6000E1E14 /* VideoBackGround.xcdatamodeld in Sources */ = {isa = PBXBuildFile; fileRef = AD225BFE1D26C4A6000E1E14 /* VideoBackGround.xcdatamodeld */; };
		AD225C021D26C4A6000E1E14 /* Assets.xcassets in Resources */ = {isa = PBXBuildFile; fileRef = AD225C011D26C4A6000E1E14 /* Assets.xcassets */; };
		AD225C051D26C4A6000E1E14 /* LaunchScreen.storyboard in Resources */ = {isa = PBXBuildFile; fileRef = AD225C031D26C4A6000E1E14 /* LaunchScreen.storyboard */; };
		AD225C0F1D26C4B3000E1E14 /* VideoCutter.swift in Sources */ = {isa = PBXBuildFile; fileRef = AD225C0D1D26C4B3000E1E14 /* VideoCutter.swift */; };
		AD225C101D26C4B3000E1E14 /* VideoSplashViewController.swift in Sources */ = {isa = PBXBuildFile; fileRef = AD225C0E1D26C4B3000E1E14 /* VideoSplashViewController.swift */; };
		AD225C121D26C4C1000E1E14 /* fsc.jpg in Resources */ = {isa = PBXBuildFile; fileRef = AD225C111D26C4C1000E1E14 /* fsc.jpg */; };
		AD225C141D26C549000E1E14 /* maldivepoor.mp4 in Resources */ = {isa = PBXBuildFile; fileRef = AD225C131D26C4E6000E1E14 /* maldivepoor.mp4 */; };
		AD225C161D26C56E000E1E14 /* Museo500-Regular.otf in Resources */ = {isa = PBXBuildFile; fileRef = AD225C151D26C564000E1E14 /* Museo500-Regular.otf */; };
		AD225C181D26C8B5000E1E14 /* hoom-small-logo.png in Resources */ = {isa = PBXBuildFile; fileRef = AD225C171D26C8B5000E1E14 /* hoom-small-logo.png */; };
/* End PBXBuildFile section */

/* Begin PBXFileReference section */
		9E8AC305993D4AC82330E1DD /* Pods-VideoBackGround.release.xcconfig */ = {isa = PBXFileReference; includeInIndex = 1; lastKnownFileType = text.xcconfig; name = "Pods-VideoBackGround.release.xcconfig"; path = "Pods/Target Support Files/Pods-VideoBackGround/Pods-VideoBackGround.release.xcconfig"; sourceTree = "<group>"; };
		AD225BF41D26C4A6000E1E14 /* VideoBackGround.app */ = {isa = PBXFileReference; explicitFileType = wrapper.application; includeInIndex = 0; path = VideoBackGround.app; sourceTree = BUILT_PRODUCTS_DIR; };
		AD225BF71D26C4A6000E1E14 /* AppDelegate.swift */ = {isa = PBXFileReference; lastKnownFileType = sourcecode.swift; path = AppDelegate.swift; sourceTree = "<group>"; };
		AD225BF91D26C4A6000E1E14 /* ViewController.swift */ = {isa = PBXFileReference; lastKnownFileType = sourcecode.swift; path = ViewController.swift; sourceTree = "<group>"; };
		AD225BFC1D26C4A6000E1E14 /* Base */ = {isa = PBXFileReference; lastKnownFileType = file.storyboard; name = Base; path = Base.lproj/Main.storyboard; sourceTree = "<group>"; };
		AD225BFF1D26C4A6000E1E14 /* VideoBackGround.xcdatamodel */ = {isa = PBXFileReference; lastKnownFileType = wrapper.xcdatamodel; path = VideoBackGround.xcdatamodel; sourceTree = "<group>"; };
		AD225C011D26C4A6000E1E14 /* Assets.xcassets */ = {isa = PBXFileReference; lastKnownFileType = folder.assetcatalog; path = Assets.xcassets; sourceTree = "<group>"; };
		AD225C041D26C4A6000E1E14 /* Base */ = {isa = PBXFileReference; lastKnownFileType = file.storyboard; name = Base; path = Base.lproj/LaunchScreen.storyboard; sourceTree = "<group>"; };
		AD225C061D26C4A6000E1E14 /* Info.plist */ = {isa = PBXFileReference; lastKnownFileType = text.plist.xml; path = Info.plist; sourceTree = "<group>"; };
		AD225C0D1D26C4B3000E1E14 /* VideoCutter.swift */ = {isa = PBXFileReference; fileEncoding = 4; lastKnownFileType = sourcecode.swift; path = VideoCutter.swift; sourceTree = "<group>"; };
		AD225C0E1D26C4B3000E1E14 /* VideoSplashViewController.swift */ = {isa = PBXFileReference; fileEncoding = 4; lastKnownFileType = sourcecode.swift; path = VideoSplashViewController.swift; sourceTree = "<group>"; };
		AD225C111D26C4C1000E1E14 /* fsc.jpg */ = {isa = PBXFileReference; lastKnownFileType = image.jpeg; path = fsc.jpg; sourceTree = "<group>"; };
		AD225C131D26C4E6000E1E14 /* maldivepoor.mp4 */ = {isa = PBXFileReference; lastKnownFileType = file; path = maldivepoor.mp4; sourceTree = "<group>"; };
		AD225C151D26C564000E1E14 /* Museo500-Regular.otf */ = {isa = PBXFileReference; lastKnownFileType = file; path = "Museo500-Regular.otf"; sourceTree = "<group>"; };
		AD225C171D26C8B5000E1E14 /* hoom-small-logo.png */ = {isa = PBXFileReference; lastKnownFileType = image.png; path = "hoom-small-logo.png"; sourceTree = "<group>"; };
		C6F14720AAAC253E719A176B /* Pods-VideoBackGround.debug.xcconfig */ = {isa = PBXFileReference; includeInIndex = 1; lastKnownFileType = text.xcconfig; name = "Pods-VideoBackGround.debug.xcconfig"; path = "Pods/Target Support Files/Pods-VideoBackGround/Pods-VideoBackGround.debug.xcconfig"; sourceTree = "<group>"; };
		F600FB2097C323D4F77848CF /* Pods_VideoBackGround.framework */ = {isa = PBXFileReference; explicitFileType = wrapper.framework; includeInIndex = 0; path = Pods_VideoBackGround.framework; sourceTree = BUILT_PRODUCTS_DIR; };
/* End PBXFileReference section */

/* Begin PBXFrameworksBuildPhase section */
		AD225BF11D26C4A6000E1E14 /* Frameworks */ = {
			isa = PBXFrameworksBuildPhase;
			buildActionMask = 2147483647;
			files = (
				73D68BC84A3BE1383F692933 /* Pods_VideoBackGround.framework in Frameworks */,
			);
			runOnlyForDeploymentPostprocessing = 0;
		};
/* End PBXFrameworksBuildPhase section */

/* Begin PBXGroup section */
		9587E348F98E5CEA94E2358E /* Pods */ = {
			isa = PBXGroup;
			children = (
				C6F14720AAAC253E719A176B /* Pods-VideoBackGround.debug.xcconfig */,
				9E8AC305993D4AC82330E1DD /* Pods-VideoBackGround.release.xcconfig */,
			);
			name = Pods;
			sourceTree = "<group>";
		};
		963DF1AE57E2105C41C5EAAD /* Frameworks */ = {
			isa = PBXGroup;
			children = (
				F600FB2097C323D4F77848CF /* Pods_VideoBackGround.framework */,
			);
			name = Frameworks;
			sourceTree = "<group>";
		};
		AD225BEB1D26C4A6000E1E14 = {
			isa = PBXGroup;
			children = (
				AD225BF61D26C4A6000E1E14 /* VideoBackGround */,
				AD225BF51D26C4A6000E1E14 /* Products */,
				9587E348F98E5CEA94E2358E /* Pods */,
				963DF1AE57E2105C41C5EAAD /* Frameworks */,
			);
			sourceTree = "<group>";
		};
		AD225BF51D26C4A6000E1E14 /* Products */ = {
			isa = PBXGroup;
			children = (
				AD225BF41D26C4A6000E1E14 /* VideoBackGround.app */,
			);
			name = Products;
			sourceTree = "<group>";
		};
		AD225BF61D26C4A6000E1E14 /* VideoBackGround */ = {
			isa = PBXGroup;
			children = (
				AD225C0C1D26C4B3000E1E14 /* Source */,
				AD225BF71D26C4A6000E1E14 /* AppDelegate.swift */,
				AD225BF91D26C4A6000E1E14 /* ViewController.swift */,
				AD225BFB1D26C4A6000E1E14 /* Main.storyboard */,
				AD225C011D26C4A6000E1E14 /* Assets.xcassets */,
				AD225C031D26C4A6000E1E14 /* LaunchScreen.storyboard */,
				AD225C061D26C4A6000E1E14 /* Info.plist */,
				AD225BFE1D26C4A6000E1E14 /* VideoBackGround.xcdatamodeld */,
			);
			path = VideoBackGround;
			sourceTree = "<group>";
		};
		AD225C0C1D26C4B3000E1E14 /* Source */ = {
			isa = PBXGroup;
			children = (
				AD225C111D26C4C1000E1E14 /* fsc.jpg */,
				AD225C151D26C564000E1E14 /* Museo500-Regular.otf */,
				AD225C171D26C8B5000E1E14 /* hoom-small-logo.png */,
				AD225C131D26C4E6000E1E14 /* maldivepoor.mp4 */,
				AD225C0D1D26C4B3000E1E14 /* VideoCutter.swift */,
				AD225C0E1D26C4B3000E1E14 /* VideoSplashViewController.swift */,
			);
			path = Source;
			sourceTree = "<group>";
		};
/* End PBXGroup section */

/* Begin PBXNativeTarget section */
		AD225BF31D26C4A6000E1E14 /* VideoBackGround */ = {
			isa = PBXNativeTarget;
			buildConfigurationList = AD225C091D26C4A6000E1E14 /* Build configuration list for PBXNativeTarget "VideoBackGround" */;
			buildPhases = (
				E96279ADFF00A52760F7F249 /* [CP] Check Pods Manifest.lock */,
				AD225BF01D26C4A6000E1E14 /* Sources */,
				AD225BF11D26C4A6000E1E14 /* Frameworks */,
				AD225BF21D26C4A6000E1E14 /* Resources */,
				B155E70550E9386D78FCCA87 /* [CP] Embed Pods Frameworks */,
				1DEEC225B7558113A2013D2F /* [CP] Copy Pods Resources */,
			);
			buildRules = (
			);
			dependencies = (
			);
			name = VideoBackGround;
			productName = VideoBackGround;
			productReference = AD225BF41D26C4A6000E1E14 /* VideoBackGround.app */;
			productType = "com.apple.product-type.application";
		};
/* End PBXNativeTarget section */

/* Begin PBXProject section */
		AD225BEC1D26C4A6000E1E14 /* Project object */ = {
			isa = PBXProject;
			attributes = {
				LastSwiftUpdateCheck = 0730;
				LastUpgradeCheck = 0730;
				ORGANIZATIONNAME = "Homeros Bilişim";
				TargetAttributes = {
					AD225BF31D26C4A6000E1E14 = {
						CreatedOnToolsVersion = 7.3.1;
					};
				};
			};
			buildConfigurationList = AD225BEF1D26C4A6000E1E14 /* Build configuration list for PBXProject "VideoBackGround" */;
			compatibilityVersion = "Xcode 3.2";
			developmentRegion = English;
			hasScannedForEncodings = 0;
			knownRegions = (
				en,
				Base,
			);
			mainGroup = AD225BEB1D26C4A6000E1E14;
			productRefGroup = AD225BF51D26C4A6000E1E14 /* Products */;
			projectDirPath = "";
			projectRoot = "";
			targets = (
				AD225BF31D26C4A6000E1E14 /* VideoBackGround */,
			);
		};
/* End PBXProject section */

/* Begin PBXResourcesBuildPhase section */
		AD225BF21D26C4A6000E1E14 /* Resources */ = {
			isa = PBXResourcesBuildPhase;
			buildActionMask = 2147483647;
			files = (
				AD225C181D26C8B5000E1E14 /* hoom-small-logo.png in Resources */,
				AD225C161D26C56E000E1E14 /* Museo500-Regular.otf in Resources */,
				AD225C141D26C549000E1E14 /* maldivepoor.mp4 in Resources */,
				AD225C051D26C4A6000E1E14 /* LaunchScreen.storyboard in Resources */,
				AD225C021D26C4A6000E1E14 /* Assets.xcassets in Resources */,
				AD225C121D26C4C1000E1E14 /* fsc.jpg in Resources */,
				AD225BFD1D26C4A6000E1E14 /* Main.storyboard in Resources */,
			);
			runOnlyForDeploymentPostprocessing = 0;
		};
/* End PBXResourcesBuildPhase section */

/* Begin PBXShellScriptBuildPhase section */
		1DEEC225B7558113A2013D2F /* [CP] Copy Pods Resources */ = {
			isa = PBXShellScriptBuildPhase;
			buildActionMask = 2147483647;
			files = (
			);
			inputPaths = (
			);
			name = "[CP] Copy Pods Resources";
			outputPaths = (
			);
			runOnlyForDeploymentPostprocessing = 0;
			shellPath = /bin/sh;
			shellScript = "\"${SRCROOT}/Pods/Target Support Files/Pods-VideoBackGround/Pods-VideoBackGround-resources.sh\"\n";
			showEnvVarsInLog = 0;
		};
		B155E70550E9386D78FCCA87 /* [CP] Embed Pods Frameworks */ = {
			isa = PBXShellScriptBuildPhase;
			buildActionMask = 2147483647;
			files = (
			);
			inputPaths = (
			);
			name = "[CP] Embed Pods Frameworks";
			outputPaths = (
			);
			runOnlyForDeploymentPostprocessing = 0;
			shellPath = /bin/sh;
			shellScript = "\"${SRCROOT}/Pods/Target Support Files/Pods-VideoBackGround/Pods-VideoBackGround-frameworks.sh\"\n";
			showEnvVarsInLog = 0;
		};
		E96279ADFF00A52760F7F249 /* [CP] Check Pods Manifest.lock */ = {
			isa = PBXShellScriptBuildPhase;
			buildActionMask = 2147483647;
			files = (
			);
			inputPaths = (
			);
			name = "[CP] Check Pods Manifest.lock";
			outputPaths = (
			);
			runOnlyForDeploymentPostprocessing = 0;
			shellPath = /bin/sh;
			shellScript = "diff \"${PODS_ROOT}/../Podfile.lock\" \"${PODS_ROOT}/Manifest.lock\" > /dev/null\nif [[ $? != 0 ]] ; then\n    cat << EOM\nerror: The sandbox is not in sync with the Podfile.lock. Run 'pod install' or update your CocoaPods installation.\nEOM\n    exit 1\nfi\n";
			showEnvVarsInLog = 0;
		};
/* End PBXShellScriptBuildPhase section */

/* Begin PBXSourcesBuildPhase section */
		AD225BF01D26C4A6000E1E14 /* Sources */ = {
			isa = PBXSourcesBuildPhase;
			buildActionMask = 2147483647;
			files = (
				AD225C001D26C4A6000E1E14 /* VideoBackGround.xcdatamodeld in Sources */,
				AD225BFA1D26C4A6000E1E14 /* ViewController.swift in Sources */,
				AD225C0F1D26C4B3000E1E14 /* VideoCutter.swift in Sources */,
				AD225C101D26C4B3000E1E14 /* VideoSplashViewController.swift in Sources */,
				AD225BF81D26C4A6000E1E14 /* AppDelegate.swift in Sources */,
			);
			runOnlyForDeploymentPostprocessing = 0;
		};
/* End PBXSourcesBuildPhase section */

/* Begin PBXVariantGroup section */
		AD225BFB1D26C4A6000E1E14 /* Main.storyboard */ = {
			isa = PBXVariantGroup;
			children = (
				AD225BFC1D26C4A6000E1E14 /* Base */,
			);
			name = Main.storyboard;
			sourceTree = "<group>";
		};
		AD225C031D26C4A6000E1E14 /* LaunchScreen.storyboard */ = {
			isa = PBXVariantGroup;
			children = (
				AD225C041D26C4A6000E1E14 /* Base */,
			);
			name = LaunchScreen.storyboard;
			sourceTree = "<group>";
		};
/* End PBXVariantGroup section */

/* Begin XCBuildConfiguration section */
		AD225C071D26C4A6000E1E14 /* Debug */ = {
			isa = XCBuildConfiguration;
			buildSettings = {
				ALWAYS_SEARCH_USER_PATHS = NO;
				CLANG_ANALYZER_NONNULL = YES;
				CLANG_CXX_LANGUAGE_STANDARD = "gnu++0x";
				CLANG_CXX_LIBRARY = "libc++";
				CLANG_ENABLE_MODULES = YES;
				CLANG_ENABLE_OBJC_ARC = YES;
				CLANG_WARN_BOOL_CONVERSION = YES;
				CLANG_WARN_CONSTANT_CONVERSION = YES;
				CLANG_WARN_DIRECT_OBJC_ISA_USAGE = YES_ERROR;
				CLANG_WARN_EMPTY_BODY = YES;
				CLANG_WARN_ENUM_CONVERSION = YES;
				CLANG_WARN_INT_CONVERSION = YES;
				CLANG_WARN_OBJC_ROOT_CLASS = YES_ERROR;
				CLANG_WARN_UNREACHABLE_CODE = YES;
				CLANG_WARN__DUPLICATE_METHOD_MATCH = YES;
				"CODE_SIGN_IDENTITY[sdk=iphoneos*]" = "iPhone Developer";
				COPY_PHASE_STRIP = NO;
				DEBUG_INFORMATION_FORMAT = dwarf;
				ENABLE_STRICT_OBJC_MSGSEND = YES;
				ENABLE_TESTABILITY = YES;
				GCC_C_LANGUAGE_STANDARD = gnu99;
				GCC_DYNAMIC_NO_PIC = NO;
				GCC_NO_COMMON_BLOCKS = YES;
				GCC_OPTIMIZATION_LEVEL = 0;
				GCC_PREPROCESSOR_DEFINITIONS = (
					"DEBUG=1",
					"$(inherited)",
				);
				GCC_WARN_64_TO_32_BIT_CONVERSION = YES;
				GCC_WARN_ABOUT_RETURN_TYPE = YES_ERROR;
				GCC_WARN_UNDECLARED_SELECTOR = YES;
				GCC_WARN_UNINITIALIZED_AUTOS = YES_AGGRESSIVE;
				GCC_WARN_UNUSED_FUNCTION = YES;
				GCC_WARN_UNUSED_VARIABLE = YES;
				IPHONEOS_DEPLOYMENT_TARGET = 9.3;
				MTL_ENABLE_DEBUG_INFO = YES;
				ONLY_ACTIVE_ARCH = YES;
				SDKROOT = iphoneos;
				SWIFT_OPTIMIZATION_LEVEL = "-Onone";
			};
			name = Debug;
		};
		AD225C081D26C4A6000E1E14 /* Release */ = {
			isa = XCBuildConfiguration;
			buildSettings = {
				ALWAYS_SEARCH_USER_PATHS = NO;
				CLANG_ANALYZER_NONNULL = YES;
				CLANG_CXX_LANGUAGE_STANDARD = "gnu++0x";
				CLANG_CXX_LIBRARY = "libc++";
				CLANG_ENABLE_MODULES = YES;
				CLANG_ENABLE_OBJC_ARC = YES;
				CLANG_WARN_BOOL_CONVERSION = YES;
				CLANG_WARN_CONSTANT_CONVERSION = YES;
				CLANG_WARN_DIRECT_OBJC_ISA_USAGE = YES_ERROR;
				CLANG_WARN_EMPTY_BODY = YES;
				CLANG_WARN_ENUM_CONVERSION = YES;
				CLANG_WARN_INT_CONVERSION = YES;
				CLANG_WARN_OBJC_ROOT_CLASS = YES_ERROR;
				CLANG_WARN_UNREACHABLE_CODE = YES;
				CLANG_WARN__DUPLICATE_METHOD_MATCH = YES;
				"CODE_SIGN_IDENTITY[sdk=iphoneos*]" = "iPhone Developer";
				COPY_PHASE_STRIP = NO;
				DEBUG_INFORMATION_FORMAT = "dwarf-with-dsym";
				ENABLE_NS_ASSERTIONS = NO;
				ENABLE_STRICT_OBJC_MSGSEND = YES;
				GCC_C_LANGUAGE_STANDARD = gnu99;
				GCC_NO_COMMON_BLOCKS = YES;
				GCC_WARN_64_TO_32_BIT_CONVERSION = YES;
				GCC_WARN_ABOUT_RETURN_TYPE = YES_ERROR;
				GCC_WARN_UNDECLARED_SELECTOR = YES;
				GCC_WARN_UNINITIALIZED_AUTOS = YES_AGGRESSIVE;
				GCC_WARN_UNUSED_FUNCTION = YES;
				GCC_WARN_UNUSED_VARIABLE = YES;
				IPHONEOS_DEPLOYMENT_TARGET = 9.3;
				MTL_ENABLE_DEBUG_INFO = NO;
				SDKROOT = iphoneos;
				VALIDATE_PRODUCT = YES;
			};
			name = Release;
		};
		AD225C0A1D26C4A6000E1E14 /* Debug */ = {
			isa = XCBuildConfiguration;
			baseConfigurationReference = C6F14720AAAC253E719A176B /* Pods-VideoBackGround.debug.xcconfig */;
			buildSettings = {
				ASSETCATALOG_COMPILER_APPICON_NAME = AppIcon;
				INFOPLIST_FILE = VideoBackGround/Info.plist;
				LD_RUNPATH_SEARCH_PATHS = "$(inherited) @executable_path/Frameworks";
				PRODUCT_BUNDLE_IDENTIFIER = homeros.VideoBackGround;
				PRODUCT_NAME = "$(TARGET_NAME)";
			};
			name = Debug;
		};
		AD225C0B1D26C4A6000E1E14 /* Release */ = {
			isa = XCBuildConfiguration;
			baseConfigurationReference = 9E8AC305993D4AC82330E1DD /* Pods-VideoBackGround.release.xcconfig */;
			buildSettings = {
				ASSETCATALOG_COMPILER_APPICON_NAME = AppIcon;
				INFOPLIST_FILE = VideoBackGround/Info.plist;
				LD_RUNPATH_SEARCH_PATHS = "$(inherited) @executable_path/Frameworks";
				PRODUCT_BUNDLE_IDENTIFIER = homeros.VideoBackGround;
				PRODUCT_NAME = "$(TARGET_NAME)";
			};
			name = Release;
		};
/* End XCBuildConfiguration section */

/* Begin XCConfigurationList section */
		AD225BEF1D26C4A6000E1E14 /* Build configuration list for PBXProject "VideoBackGround" */ = {
			isa = XCConfigurationList;
			buildConfigurations = (
				AD225C071D26C4A6000E1E14 /* Debug */,
				AD225C081D26C4A6000E1E14 /* Release */,
			);
			defaultConfigurationIsVisible = 0;
			defaultConfigurationName = Release;
		};
		AD225C091D26C4A6000E1E14 /* Build configuration list for PBXNativeTarget "VideoBackGround" */ = {
			isa = XCConfigurationList;
			buildConfigurations = (
				AD225C0A1D26C4A6000E1E14 /* Debug */,
				AD225C0B1D26C4A6000E1E14 /* Release */,
			);
			defaultConfigurationIsVisible = 0;
			defaultConfigurationName = Release;
		};
/* End XCConfigurationList section */

/* Begin XCVersionGroup section */
		AD225BFE1D26C4A6000E1E14 /* VideoBackGround.xcdatamodeld */ = {
			isa = XCVersionGroup;
			children = (
				AD225BFF1D26C4A6000E1E14 /* VideoBackGround.xcdatamodel */,
			);
			currentVersion = AD225BFF1D26C4A6000E1E14 /* VideoBackGround.xcdatamodel */;
			path = VideoBackGround.xcdatamodeld;
			sourceTree = "<group>";
			versionGroupType = wrapper.xcdatamodel;
		};
/* End XCVersionGroup section */
	};
	rootObject = AD225BEC1D26C4A6000E1E14 /* Project object */;
}
